
Microsoft Visual Studio Solution File, Format Version 12.00
# Visual Studio Version 17
VisualStudioVersion = 17.4.33213.308
MinimumVisualStudioVersion = 10.0.40219.1
Project("{FAE04EC0-301F-11D3-BF4B-00C04F79EFBC}") = "Lab2", "Lab2.csproj", "{A41404E7-CBE8-45DF-918D-E9B0E7AAA82F}"
EndProject
Global
	GlobalSection(SolutionConfigurationPlatforms) = preSolution
		Debug|Any CPU = Debug|Any CPU
		Release|Any CPU = Release|Any CPU
	EndGlobalSection
	GlobalSection(ProjectConfigurationPlatforms) = postSolution
		{A41404E7-CBE8-45DF-918D-E9B0E7AAA82F}.Debug|Any CPU.ActiveCfg = Debug|Any CPU
		{A41404E7-CBE8-45DF-918D-E9B0E7AAA82F}.Debug|Any CPU.Build.0 = Debug|Any CPU
		{A41404E7-CBE8-45DF-918D-E9B0E7AAA82F}.Release|Any CPU.ActiveCfg = Release|Any CPU
		{A41404E7-CBE8-45DF-918D-E9B0E7AAA82F}.Release|Any CPU.Build.0 = Release|Any CPU
	EndGlobalSection
	GlobalSection(SolutionProperties) = preSolution
		HideSolutionNode = FALSE
	EndGlobalSection
	GlobalSection(ExtensibilityGlobals) = postSolution
		SolutionGuid = {A08A0026-054B-4EF9-9C5F-28B36FCC14ED}
	EndGlobalSection
EndGlobal
