
Microsoft Visual Studio Solution File, Format Version 12.00
# Visual Studio Version 17
VisualStudioVersion = 17.4.33213.308
MinimumVisualStudioVersion = 10.0.40219.1
Project("{FAE04EC0-301F-11D3-BF4B-00C04F79EFBC}") = "Lab4", "Lab4.csproj", "{999F9E22-2111-4E61-8CC2-048F37D44B87}"
EndProject
Global
	GlobalSection(SolutionConfigurationPlatforms) = preSolution
		Debug|x86 = Debug|x86
		Release|x86 = Release|x86
	EndGlobalSection
	GlobalSection(ProjectConfigurationPlatforms) = postSolution
		{999F9E22-2111-4E61-8CC2-048F37D44B87}.Debug|x86.ActiveCfg = Debug|x86
		{999F9E22-2111-4E61-8CC2-048F37D44B87}.Debug|x86.Build.0 = Debug|x86
		{999F9E22-2111-4E61-8CC2-048F37D44B87}.Release|x86.ActiveCfg = Release|x86
		{999F9E22-2111-4E61-8CC2-048F37D44B87}.Release|x86.Build.0 = Release|x86
	EndGlobalSection
	GlobalSection(SolutionProperties) = preSolution
		HideSolutionNode = FALSE
	EndGlobalSection
	GlobalSection(ExtensibilityGlobals) = postSolution
		SolutionGuid = {C605B508-73ED-496E-9877-F06E3E61FA3D}
	EndGlobalSection
EndGlobal
