
Microsoft Visual Studio Solution File, Format Version 12.00
# Visual Studio Version 16
VisualStudioVersion = 16.0.29806.167
MinimumVisualStudioVersion = 10.0.40219.1
Project("{FAE04EC0-301F-11D3-BF4B-00C04F79EFBC}") = "Lab6", "Lab6\Lab6.csproj", "{F9A843F4-B23F-44EB-8AAB-0346A97A9A00}"
EndProject
Project("{FAE04EC0-301F-11D3-BF4B-00C04F79EFBC}") = "JSON_DB", "JSON_DB\JSON_DB.csproj", "{377F1091-AB1B-4999-8B85-DF1EFA661F83}"
EndProject
Project("{FAE04EC0-301F-11D3-BF4B-00C04F79EFBC}") = "PhoneDictionary", "PhoneDictionary\PhoneDictionary.csproj", "{DF3F503B-43E6-4DF1-A685-BC3C78B84F04}"
EndProject
Project("{FAE04EC0-301F-11D3-BF4B-00C04F79EFBC}") = "MSSQL_DB", "MSSQL_DB\MSSQL_DB.csproj", "{B5549B2B-AADD-4708-8BCA-279341BA4EC9}"
EndProject
Global
	GlobalSection(SolutionConfigurationPlatforms) = preSolution
		Debug|Any CPU = Debug|Any CPU
		Release|Any CPU = Release|Any CPU
	EndGlobalSection
	GlobalSection(ProjectConfigurationPlatforms) = postSolution
		{F9A843F4-B23F-44EB-8AAB-0346A97A9A00}.Debug|Any CPU.ActiveCfg = Debug|Any CPU
		{F9A843F4-B23F-44EB-8AAB-0346A97A9A00}.Debug|Any CPU.Build.0 = Debug|Any CPU
		{F9A843F4-B23F-44EB-8AAB-0346A97A9A00}.Release|Any CPU.ActiveCfg = Release|Any CPU
		{F9A843F4-B23F-44EB-8AAB-0346A97A9A00}.Release|Any CPU.Build.0 = Release|Any CPU
		{377F1091-AB1B-4999-8B85-DF1EFA661F83}.Debug|Any CPU.ActiveCfg = Debug|Any CPU
		{377F1091-AB1B-4999-8B85-DF1EFA661F83}.Debug|Any CPU.Build.0 = Debug|Any CPU
		{377F1091-AB1B-4999-8B85-DF1EFA661F83}.Release|Any CPU.ActiveCfg = Release|Any CPU
		{377F1091-AB1B-4999-8B85-DF1EFA661F83}.Release|Any CPU.Build.0 = Release|Any CPU
		{DF3F503B-43E6-4DF1-A685-BC3C78B84F04}.Debug|Any CPU.ActiveCfg = Debug|Any CPU
		{DF3F503B-43E6-4DF1-A685-BC3C78B84F04}.Debug|Any CPU.Build.0 = Debug|Any CPU
		{DF3F503B-43E6-4DF1-A685-BC3C78B84F04}.Release|Any CPU.ActiveCfg = Release|Any CPU
		{DF3F503B-43E6-4DF1-A685-BC3C78B84F04}.Release|Any CPU.Build.0 = Release|Any CPU
		{B5549B2B-AADD-4708-8BCA-279341BA4EC9}.Debug|Any CPU.ActiveCfg = Debug|Any CPU
		{B5549B2B-AADD-4708-8BCA-279341BA4EC9}.Debug|Any CPU.Build.0 = Debug|Any CPU
		{B5549B2B-AADD-4708-8BCA-279341BA4EC9}.Release|Any CPU.ActiveCfg = Release|Any CPU
		{B5549B2B-AADD-4708-8BCA-279341BA4EC9}.Release|Any CPU.Build.0 = Release|Any CPU
	EndGlobalSection
	GlobalSection(SolutionProperties) = preSolution
		HideSolutionNode = FALSE
	EndGlobalSection
	GlobalSection(ExtensibilityGlobals) = postSolution
		SolutionGuid = {BF6DAE02-5C22-4A60-9E2E-1D6CFA523F5A}
	EndGlobalSection
EndGlobal
