
Microsoft Visual Studio Solution File, Format Version 12.00
# Visual Studio Version 17
VisualStudioVersion = 17.4.33213.308
MinimumVisualStudioVersion = 10.0.40219.1
Project("{FAE04EC0-301F-11D3-BF4B-00C04F79EFBC}") = "Lab7", "Lab7.csproj", "{493CCC80-E4DB-49BC-B760-D2006153EA09}"
EndProject
Global
	GlobalSection(SolutionConfigurationPlatforms) = preSolution
		Debug|Any CPU = Debug|Any CPU
		Release|Any CPU = Release|Any CPU
	EndGlobalSection
	GlobalSection(ProjectConfigurationPlatforms) = postSolution
		{493CCC80-E4DB-49BC-B760-D2006153EA09}.Debug|Any CPU.ActiveCfg = Debug|Any CPU
		{493CCC80-E4DB-49BC-B760-D2006153EA09}.Debug|Any CPU.Build.0 = Debug|Any CPU
		{493CCC80-E4DB-49BC-B760-D2006153EA09}.Release|Any CPU.ActiveCfg = Release|Any CPU
		{493CCC80-E4DB-49BC-B760-D2006153EA09}.Release|Any CPU.Build.0 = Release|Any CPU
	EndGlobalSection
	GlobalSection(SolutionProperties) = preSolution
		HideSolutionNode = FALSE
	EndGlobalSection
	GlobalSection(ExtensibilityGlobals) = postSolution
		SolutionGuid = {BC757A92-31F1-41CA-9156-39406601A34E}
	EndGlobalSection
EndGlobal
